PODS:
  - CocoaSoundCloudAPI (1.0.2):
    - NXOAuth2Client (= 1.2.2)
  - CocoaSoundCloudUI-iOS7 (1.0.8):
    - CocoaSoundCloudAPI (~> 1.0.1)
    - OHAttributedLabel
  - EZAudio (0.0.4)
  - NXOAuth2Client (1.2.2)
  - OHAttributedLabel (3.5.3)
  - SVProgressHUD (1.0)
  - TheAmazingAudioEngine (1.3)

DEPENDENCIES:
  - CocoaSoundCloudAPI
  - CocoaSoundCloudUI-iOS7 (from `Library/CocoaSoundCloudUI/CocoaSoundCloudUI.podspec`)
  - EZAudio (from `Library/EZAudio/EZAudio.podspec`)
  - SVProgressHUD
  - TheAmazingAudioEngine

EXTERNAL SOURCES:
  CocoaSoundCloudUI-iOS7:
    :path: Library/CocoaSoundCloudUI/CocoaSoundCloudUI.podspec
  EZAudio:
    :path: Library/EZAudio/EZAudio.podspec

SPEC CHECKSUMS:
  CocoaSoundCloudAPI: 76323652e2e49e15609932ec4bf349f2249d039e
  CocoaSoundCloudUI-iOS7: 23bca7c95c65bca9410c9d68f38b07a43d8fe8a9
  EZAudio: 34fd967e7e7ed14549fdfad25debf40c4d18a217
  NXOAuth2Client: 2abb027fb64a9d9a467202e281bb0f2206924661
  OHAttributedLabel: 985e4b57eec0dc6add79179ac47ec888b8a914e7
  SVProgressHUD: 5e10939a296debf5fe5a5895eda9539b8b2114f1
  TheAmazingAudioEngine: 85886ed62ad70d2fa43c7696f205cc217ef8b434

COCOAPODS: 0.32.1
