// !$*UTF8*$!
{
	archiveVersion = 1;
	classes = {
	};
	objectVersion = 46;
	objects = {

/* Begin PBXBuildFile section */
		71330D7E18D7D73F00AAE6C3 /* Foundation.framework in Frameworks */ = {isa = PBXBuildFile; fileRef = 71330D7D18D7D73F00AAE6C3 /* Foundation.framework */; };
		71330D8018D7D74000AAE6C3 /* CoreGraphics.framework in Frameworks */ = {isa = PBXBuildFile; fileRef = 71330D7F18D7D74000AAE6C3 /* CoreGraphics.framework */; };
		71330D8218D7D74000AAE6C3 /* UIKit.framework in Frameworks */ = {isa = PBXBuildFile; fileRef = 71330D8118D7D74000AAE6C3 /* UIKit.framework */; };
		71330D8818D7D74000AAE6C3 /* InfoPlist.strings in Resources */ = {isa = PBXBuildFile; fileRef = 71330D8618D7D74000AAE6C3 /* InfoPlist.strings */; };
		71330D8A18D7D74000AAE6C3 /* main.m in Sources */ = {isa = PBXBuildFile; fileRef = 71330D8918D7D74000AAE6C3 /* main.m */; };
		71330D8E18D7D74000AAE6C3 /* AppDelegate.m in Sources */ = {isa = PBXBuildFile; fileRef = 71330D8D18D7D74000AAE6C3 /* AppDelegate.m */; };
		71330D9118D7D74000AAE6C3 /* Main_iPhone.storyboard in Resources */ = {isa = PBXBuildFile; fileRef = 71330D8F18D7D74000AAE6C3 /* Main_iPhone.storyboard */; };
		71330D9418D7D74000AAE6C3 /* Main_iPad.storyboard in Resources */ = {isa = PBXBuildFile; fileRef = 71330D9218D7D74000AAE6C3 /* Main_iPad.storyboard */; };
		71330D9718D7D74000AAE6C3 /* ViewController.m in Sources */ = {isa = PBXBuildFile; fileRef = 71330D9618D7D74000AAE6C3 /* ViewController.m */; };
		71330D9918D7D74000AAE6C3 /* Images.xcassets in Resources */ = {isa = PBXBuildFile; fileRef = 71330D9818D7D74000AAE6C3 /* Images.xcassets */; };
		71330DA018D7D74000AAE6C3 /* XCTest.framework in Frameworks */ = {isa = PBXBuildFile; fileRef = 71330D9F18D7D74000AAE6C3 /* XCTest.framework */; };
		71330DA118D7D74000AAE6C3 /* Foundation.framework in Frameworks */ = {isa = PBXBuildFile; fileRef = 71330D7D18D7D73F00AAE6C3 /* Foundation.framework */; };
		71330DA218D7D74000AAE6C3 /* UIKit.framework in Frameworks */ = {isa = PBXBuildFile; fileRef = 71330D8118D7D74000AAE6C3 /* UIKit.framework */; };
		71330DAA18D7D74000AAE6C3 /* InfoPlist.strings in Resources */ = {isa = PBXBuildFile; fileRef = 71330DA818D7D74000AAE6C3 /* InfoPlist.strings */; };
		71330DAC18D7D74000AAE6C3 /* ProjectKaraokeTests.m in Sources */ = {isa = PBXBuildFile; fileRef = 71330DAB18D7D74000AAE6C3 /* ProjectKaraokeTests.m */; };
		71330E5418D7DBAC00AAE6C3 /* AudioToolbox.framework in Frameworks */ = {isa = PBXBuildFile; fileRef = 71330E5318D7DBAC00AAE6C3 /* AudioToolbox.framework */; };
		71330E5618D7DBB500AAE6C3 /* Accelerate.framework in Frameworks */ = {isa = PBXBuildFile; fileRef = 71330E5518D7DBB500AAE6C3 /* Accelerate.framework */; };
		71BB090D18DD187B00CBA7D8 /* AEExpanderFilter.m in Sources */ = {isa = PBXBuildFile; fileRef = 71BB08FC18DD187A00CBA7D8 /* AEExpanderFilter.m */; settings = {COMPILER_FLAGS = "-fno-objc-arc"; }; };
		71BB090E18DD187B00CBA7D8 /* AELimiter.m in Sources */ = {isa = PBXBuildFile; fileRef = 71BB08FE18DD187A00CBA7D8 /* AELimiter.m */; settings = {COMPILER_FLAGS = "-fno-objc-arc"; }; };
		71BB090F18DD187B00CBA7D8 /* AELimiterFilter.m in Sources */ = {isa = PBXBuildFile; fileRef = 71BB090018DD187A00CBA7D8 /* AELimiterFilter.m */; settings = {COMPILER_FLAGS = "-fno-objc-arc"; }; };
		71BB091018DD187B00CBA7D8 /* AEMixerBuffer.m in Sources */ = {isa = PBXBuildFile; fileRef = 71BB090218DD187A00CBA7D8 /* AEMixerBuffer.m */; settings = {COMPILER_FLAGS = "-fno-objc-arc"; }; };
		71BB091118DD187B00CBA7D8 /* AEPlaythroughChannel.m in Sources */ = {isa = PBXBuildFile; fileRef = 71BB090418DD187A00CBA7D8 /* AEPlaythroughChannel.m */; settings = {COMPILER_FLAGS = "-fno-objc-arc"; }; };
		71BB091218DD187B00CBA7D8 /* AERecorder.m in Sources */ = {isa = PBXBuildFile; fileRef = 71BB090618DD187A00CBA7D8 /* AERecorder.m */; settings = {COMPILER_FLAGS = "-fno-objc-arc"; }; };
		71BB091318DD187B00CBA7D8 /* README.markdown in Resources */ = {isa = PBXBuildFile; fileRef = 71BB090818DD187B00CBA7D8 /* README.markdown */; };
		71BB091618DD19FD00CBA7D8 /* TPCircularBuffer+AudioBufferList.c in Sources */ = {isa = PBXBuildFile; fileRef = 71BB090918DD187B00CBA7D8 /* TPCircularBuffer+AudioBufferList.c */; settings = {COMPILER_FLAGS = "-fno-objc-arc"; }; };
		71BB091718DD19FD00CBA7D8 /* TPCircularBuffer.c in Sources */ = {isa = PBXBuildFile; fileRef = 71BB090B18DD187B00CBA7D8 /* TPCircularBuffer.c */; settings = {COMPILER_FLAGS = "-fno-objc-arc"; }; };
		71BB092118DD2EA600CBA7D8 /* test.wav in Resources */ = {isa = PBXBuildFile; fileRef = 71BB092018DD2EA600CBA7D8 /* test.wav */; };
		71BB092518DD306E00CBA7D8 /* play_icon.png in Resources */ = {isa = PBXBuildFile; fileRef = 71BB092318DD306E00CBA7D8 /* play_icon.png */; };
		71BB092618DD306E00CBA7D8 /* play_icon@2x.png in Resources */ = {isa = PBXBuildFile; fileRef = 71BB092418DD306E00CBA7D8 /* play_icon@2x.png */; };
		71BB092B18DD35B400CBA7D8 /* pause_icon.png in Resources */ = {isa = PBXBuildFile; fileRef = 71BB092718DD35B400CBA7D8 /* pause_icon.png */; };
		71BB092C18DD35B400CBA7D8 /* pause_icon@2x.png in Resources */ = {isa = PBXBuildFile; fileRef = 71BB092818DD35B400CBA7D8 /* pause_icon@2x.png */; };
		71BB092D18DD35B400CBA7D8 /* stop_icon.png in Resources */ = {isa = PBXBuildFile; fileRef = 71BB092918DD35B400CBA7D8 /* stop_icon.png */; };
		71BB092E18DD35B400CBA7D8 /* stop_icon@2x.png in Resources */ = {isa = PBXBuildFile; fileRef = 71BB092A18DD35B400CBA7D8 /* stop_icon@2x.png */; };
		71BB093518E0D24200CBA7D8 /* Apphance-Pre-Production.framework in Frameworks */ = {isa = PBXBuildFile; fileRef = 71BB093418E0D24200CBA7D8 /* Apphance-Pre-Production.framework */; };
		71BB093618E0D25E00CBA7D8 /* libTheAmazingAudioEngine.a in Frameworks */ = {isa = PBXBuildFile; fileRef = 71330E4F18D7DB7100AAE6C3 /* libTheAmazingAudioEngine.a */; };
		71BB093818E0D26800CBA7D8 /* QuartzCore.framework in Frameworks */ = {isa = PBXBuildFile; fileRef = 71BB093718E0D26800CBA7D8 /* QuartzCore.framework */; };
		71BB093A18E0D27200CBA7D8 /* CoreLocation.framework in Frameworks */ = {isa = PBXBuildFile; fileRef = 71BB093918E0D27200CBA7D8 /* CoreLocation.framework */; };
		71BB093C18E0D27B00CBA7D8 /* SystemConfiguration.framework in Frameworks */ = {isa = PBXBuildFile; fileRef = 71BB093B18E0D27B00CBA7D8 /* SystemConfiguration.framework */; };
		71BB093E18E0D28200CBA7D8 /* Security.framework in Frameworks */ = {isa = PBXBuildFile; fileRef = 71BB093D18E0D28200CBA7D8 /* Security.framework */; };
		71BB094018E0D28A00CBA7D8 /* AssetsLibrary.framework in Frameworks */ = {isa = PBXBuildFile; fileRef = 71BB093F18E0D28A00CBA7D8 /* AssetsLibrary.framework */; };
/* End PBXBuildFile section */

/* Begin PBXContainerItemProxy section */
		71330DA318D7D74000AAE6C3 /* PBXContainerItemProxy */ = {
			isa = PBXContainerItemProxy;
			containerPortal = 71330D7218D7D73F00AAE6C3 /* Project object */;
			proxyType = 1;
			remoteGlobalIDString = 71330D7918D7D73F00AAE6C3;
			remoteInfo = ProjectKaraoke;
		};
		71330E4E18D7DB7100AAE6C3 /* PBXContainerItemProxy */ = {
			isa = PBXContainerItemProxy;
			containerPortal = 71330E4A18D7DB7100AAE6C3 /* TheAmazingAudioEngine.xcodeproj */;
			proxyType = 2;
			remoteGlobalIDString = 4C215CEC1523A7D500D36CAD;
			remoteInfo = TheAmazingAudioEngine;
		};
		71330E5018D7DB9300AAE6C3 /* PBXContainerItemProxy */ = {
			isa = PBXContainerItemProxy;
			containerPortal = 71330E4A18D7DB7100AAE6C3 /* TheAmazingAudioEngine.xcodeproj */;
			proxyType = 1;
			remoteGlobalIDString = 4C215CEB1523A7D500D36CAD;
			remoteInfo = TheAmazingAudioEngine;
		};
/* End PBXContainerItemProxy section */

/* Begin PBXFileReference section */
		71330D7A18D7D73F00AAE6C3 /* ProjectKaraoke.app */ = {isa = PBXFileReference; explicitFileType = wrapper.application; includeInIndex = 0; path = ProjectKaraoke.app; sourceTree = BUILT_PRODUCTS_DIR; };
		71330D7D18D7D73F00AAE6C3 /* Foundation.framework */ = {isa = PBXFileReference; lastKnownFileType = wrapper.framework; name = Foundation.framework; path = System/Library/Frameworks/Foundation.framework; sourceTree = SDKROOT; };
		71330D7F18D7D74000AAE6C3 /* CoreGraphics.framework */ = {isa = PBXFileReference; lastKnownFileType = wrapper.framework; name = CoreGraphics.framework; path = System/Library/Frameworks/CoreGraphics.framework; sourceTree = SDKROOT; };
		71330D8118D7D74000AAE6C3 /* UIKit.framework */ = {isa = PBXFileReference; lastKnownFileType = wrapper.framework; name = UIKit.framework; path = System/Library/Frameworks/UIKit.framework; sourceTree = SDKROOT; };
		71330D8518D7D74000AAE6C3 /* ProjectKaraoke-Info.plist */ = {isa = PBXFileReference; lastKnownFileType = text.plist.xml; path = "ProjectKaraoke-Info.plist"; sourceTree = "<group>"; };
		71330D8718D7D74000AAE6C3 /* en */ = {isa = PBXFileReference; lastKnownFileType = text.plist.strings; name = en; path = en.lproj/InfoPlist.strings; sourceTree = "<group>"; };
		71330D8918D7D74000AAE6C3 /* main.m */ = {isa = PBXFileReference; lastKnownFileType = sourcecode.c.objc; path = main.m; sourceTree = "<group>"; };
		71330D8B18D7D74000AAE6C3 /* ProjectKaraoke-Prefix.pch */ = {isa = PBXFileReference; lastKnownFileType = sourcecode.c.h; path = "ProjectKaraoke-Prefix.pch"; sourceTree = "<group>"; };
		71330D8C18D7D74000AAE6C3 /* AppDelegate.h */ = {isa = PBXFileReference; lastKnownFileType = sourcecode.c.h; path = AppDelegate.h; sourceTree = "<group>"; };
		71330D8D18D7D74000AAE6C3 /* AppDelegate.m */ = {isa = PBXFileReference; lastKnownFileType = sourcecode.c.objc; path = AppDelegate.m; sourceTree = "<group>"; };
		71330D9018D7D74000AAE6C3 /* Base */ = {isa = PBXFileReference; lastKnownFileType = file.storyboard; name = Base; path = Base.lproj/Main_iPhone.storyboard; sourceTree = "<group>"; };
		71330D9318D7D74000AAE6C3 /* Base */ = {isa = PBXFileReference; lastKnownFileType = file.storyboard; name = Base; path = Base.lproj/Main_iPad.storyboard; sourceTree = "<group>"; };
		71330D9518D7D74000AAE6C3 /* ViewController.h */ = {isa = PBXFileReference; lastKnownFileType = sourcecode.c.h; path = ViewController.h; sourceTree = "<group>"; };
		71330D9618D7D74000AAE6C3 /* ViewController.m */ = {isa = PBXFileReference; lastKnownFileType = sourcecode.c.objc; path = ViewController.m; sourceTree = "<group>"; };
		71330D9818D7D74000AAE6C3 /* Images.xcassets */ = {isa = PBXFileReference; lastKnownFileType = folder.assetcatalog; path = Images.xcassets; sourceTree = "<group>"; };
		71330D9E18D7D74000AAE6C3 /* ProjectKaraokeTests.xctest */ = {isa = PBXFileReference; explicitFileType = wrapper.cfbundle; includeInIndex = 0; path = ProjectKaraokeTests.xctest; sourceTree = BUILT_PRODUCTS_DIR; };
		71330D9F18D7D74000AAE6C3 /* XCTest.framework */ = {isa = PBXFileReference; lastKnownFileType = wrapper.framework; name = XCTest.framework; path = Library/Frameworks/XCTest.framework; sourceTree = DEVELOPER_DIR; };
		71330DA718D7D74000AAE6C3 /* ProjectKaraokeTests-Info.plist */ = {isa = PBXFileReference; lastKnownFileType = text.plist.xml; path = "ProjectKaraokeTests-Info.plist"; sourceTree = "<group>"; };
		71330DA918D7D74000AAE6C3 /* en */ = {isa = PBXFileReference; lastKnownFileType = text.plist.strings; name = en; path = en.lproj/InfoPlist.strings; sourceTree = "<group>"; };
		71330DAB18D7D74000AAE6C3 /* ProjectKaraokeTests.m */ = {isa = PBXFileReference; lastKnownFileType = sourcecode.c.objc; path = ProjectKaraokeTests.m; sourceTree = "<group>"; };
		71330E4A18D7DB7100AAE6C3 /* TheAmazingAudioEngine.xcodeproj */ = {isa = PBXFileReference; lastKnownFileType = "wrapper.pb-project"; name = TheAmazingAudioEngine.xcodeproj; path = Library/TheAmazingAudioEngine/TheAmazingAudioEngine.xcodeproj; sourceTree = "<group>"; };
		71330E5318D7DBAC00AAE6C3 /* AudioToolbox.framework */ = {isa = PBXFileReference; lastKnownFileType = wrapper.framework; name = AudioToolbox.framework; path = System/Library/Frameworks/AudioToolbox.framework; sourceTree = SDKROOT; };
		71330E5518D7DBB500AAE6C3 /* Accelerate.framework */ = {isa = PBXFileReference; lastKnownFileType = wrapper.framework; name = Accelerate.framework; path = System/Library/Frameworks/Accelerate.framework; sourceTree = SDKROOT; };
		71BB08FB18DD187A00CBA7D8 /* AEExpanderFilter.h */ = {isa = PBXFileReference; fileEncoding = 4; lastKnownFileType = sourcecode.c.h; path = AEExpanderFilter.h; sourceTree = "<group>"; };
		71BB08FC18DD187A00CBA7D8 /* AEExpanderFilter.m */ = {isa = PBXFileReference; fileEncoding = 4; lastKnownFileType = sourcecode.c.objc; path = AEExpanderFilter.m; sourceTree = "<group>"; };
		71BB08FD18DD187A00CBA7D8 /* AELimiter.h */ = {isa = PBXFileReference; fileEncoding = 4; lastKnownFileType = sourcecode.c.h; path = AELimiter.h; sourceTree = "<group>"; };
		71BB08FE18DD187A00CBA7D8 /* AELimiter.m */ = {isa = PBXFileReference; fileEncoding = 4; lastKnownFileType = sourcecode.c.objc; path = AELimiter.m; sourceTree = "<group>"; };
		71BB08FF18DD187A00CBA7D8 /* AELimiterFilter.h */ = {isa = PBXFileReference; fileEncoding = 4; lastKnownFileType = sourcecode.c.h; path = AELimiterFilter.h; sourceTree = "<group>"; };
		71BB090018DD187A00CBA7D8 /* AELimiterFilter.m */ = {isa = PBXFileReference; fileEncoding = 4; lastKnownFileType = sourcecode.c.objc; path = AELimiterFilter.m; sourceTree = "<group>"; };
		71BB090118DD187A00CBA7D8 /* AEMixerBuffer.h */ = {isa = PBXFileReference; fileEncoding = 4; lastKnownFileType = sourcecode.c.h; path = AEMixerBuffer.h; sourceTree = "<group>"; };
		71BB090218DD187A00CBA7D8 /* AEMixerBuffer.m */ = {isa = PBXFileReference; fileEncoding = 4; lastKnownFileType = sourcecode.c.objc; path = AEMixerBuffer.m; sourceTree = "<group>"; };
		71BB090318DD187A00CBA7D8 /* AEPlaythroughChannel.h */ = {isa = PBXFileReference; fileEncoding = 4; lastKnownFileType = sourcecode.c.h; path = AEPlaythroughChannel.h; sourceTree = "<group>"; };
		71BB090418DD187A00CBA7D8 /* AEPlaythroughChannel.m */ = {isa = PBXFileReference; fileEncoding = 4; lastKnownFileType = sourcecode.c.objc; path = AEPlaythroughChannel.m; sourceTree = "<group>"; };
		71BB090518DD187A00CBA7D8 /* AERecorder.h */ = {isa = PBXFileReference; fileEncoding = 4; lastKnownFileType = sourcecode.c.h; path = AERecorder.h; sourceTree = "<group>"; };
		71BB090618DD187A00CBA7D8 /* AERecorder.m */ = {isa = PBXFileReference; fileEncoding = 4; lastKnownFileType = sourcecode.c.objc; path = AERecorder.m; sourceTree = "<group>"; };
		71BB090818DD187B00CBA7D8 /* README.markdown */ = {isa = PBXFileReference; fileEncoding = 4; lastKnownFileType = text; path = README.markdown; sourceTree = "<group>"; };
		71BB090918DD187B00CBA7D8 /* TPCircularBuffer+AudioBufferList.c */ = {isa = PBXFileReference; fileEncoding = 4; lastKnownFileType = sourcecode.c.c; path = "TPCircularBuffer+AudioBufferList.c"; sourceTree = "<group>"; };
		71BB090A18DD187B00CBA7D8 /* TPCircularBuffer+AudioBufferList.h */ = {isa = PBXFileReference; fileEncoding = 4; lastKnownFileType = sourcecode.c.h; path = "TPCircularBuffer+AudioBufferList.h"; sourceTree = "<group>"; };
		71BB090B18DD187B00CBA7D8 /* TPCircularBuffer.c */ = {isa = PBXFileReference; fileEncoding = 4; lastKnownFileType = sourcecode.c.c; path = TPCircularBuffer.c; sourceTree = "<group>"; };
		71BB090C18DD187B00CBA7D8 /* TPCircularBuffer.h */ = {isa = PBXFileReference; fileEncoding = 4; lastKnownFileType = sourcecode.c.h; path = TPCircularBuffer.h; sourceTree = "<group>"; };
		71BB092018DD2EA600CBA7D8 /* test.wav */ = {isa = PBXFileReference; lastKnownFileType = audio.wav; path = test.wav; sourceTree = "<group>"; };
		71BB092318DD306E00CBA7D8 /* play_icon.png */ = {isa = PBXFileReference; lastKnownFileType = image.png; path = play_icon.png; sourceTree = "<group>"; };
		71BB092418DD306E00CBA7D8 /* play_icon@2x.png */ = {isa = PBXFileReference; lastKnownFileType = image.png; path = "play_icon@2x.png"; sourceTree = "<group>"; };
		71BB092718DD35B400CBA7D8 /* pause_icon.png */ = {isa = PBXFileReference; lastKnownFileType = image.png; path = pause_icon.png; sourceTree = "<group>"; };
		71BB092818DD35B400CBA7D8 /* pause_icon@2x.png */ = {isa = PBXFileReference; lastKnownFileType = image.png; path = "pause_icon@2x.png"; sourceTree = "<group>"; };
		71BB092918DD35B400CBA7D8 /* stop_icon.png */ = {isa = PBXFileReference; lastKnownFileType = image.png; path = stop_icon.png; sourceTree = "<group>"; };
		71BB092A18DD35B400CBA7D8 /* stop_icon@2x.png */ = {isa = PBXFileReference; lastKnownFileType = image.png; path = "stop_icon@2x.png"; sourceTree = "<group>"; };
		71BB093218E0D09200CBA7D8 /* SharedConstants.h */ = {isa = PBXFileReference; lastKnownFileType = sourcecode.c.h; path = SharedConstants.h; sourceTree = "<group>"; };
		71BB093418E0D24200CBA7D8 /* Apphance-Pre-Production.framework */ = {isa = PBXFileReference; lastKnownFileType = wrapper.framework; name = "Apphance-Pre-Production.framework"; path = "Library/Apphance-Pre-Production.framework"; sourceTree = "<group>"; };
		71BB093718E0D26800CBA7D8 /* QuartzCore.framework */ = {isa = PBXFileReference; lastKnownFileType = wrapper.framework; name = QuartzCore.framework; path = System/Library/Frameworks/QuartzCore.framework; sourceTree = SDKROOT; };
		71BB093918E0D27200CBA7D8 /* CoreLocation.framework */ = {isa = PBXFileReference; lastKnownFileType = wrapper.framework; name = CoreLocation.framework; path = System/Library/Frameworks/CoreLocation.framework; sourceTree = SDKROOT; };
		71BB093B18E0D27B00CBA7D8 /* SystemConfiguration.framework */ = {isa = PBXFileReference; lastKnownFileType = wrapper.framework; name = SystemConfiguration.framework; path = System/Library/Frameworks/SystemConfiguration.framework; sourceTree = SDKROOT; };
		71BB093D18E0D28200CBA7D8 /* Security.framework */ = {isa = PBXFileReference; lastKnownFileType = wrapper.framework; name = Security.framework; path = System/Library/Frameworks/Security.framework; sourceTree = SDKROOT; };
		71BB093F18E0D28A00CBA7D8 /* AssetsLibrary.framework */ = {isa = PBXFileReference; lastKnownFileType = wrapper.framework; name = AssetsLibrary.framework; path = System/Library/Frameworks/AssetsLibrary.framework; sourceTree = SDKROOT; };
/* End PBXFileReference section */

/* Begin PBXFrameworksBuildPhase section */
		71330D7718D7D73F00AAE6C3 /* Frameworks */ = {
			isa = PBXFrameworksBuildPhase;
			buildActionMask = 2147483647;
			files = (
				71BB093618E0D25E00CBA7D8 /* libTheAmazingAudioEngine.a in Frameworks */,
				71BB094018E0D28A00CBA7D8 /* AssetsLibrary.framework in Frameworks */,
				71BB093E18E0D28200CBA7D8 /* Security.framework in Frameworks */,
				71BB093C18E0D27B00CBA7D8 /* SystemConfiguration.framework in Frameworks */,
				71BB093A18E0D27200CBA7D8 /* CoreLocation.framework in Frameworks */,
				71BB093818E0D26800CBA7D8 /* QuartzCore.framework in Frameworks */,
				71330E5618D7DBB500AAE6C3 /* Accelerate.framework in Frameworks */,
				71330E5418D7DBAC00AAE6C3 /* AudioToolbox.framework in Frameworks */,
				71330D8018D7D74000AAE6C3 /* CoreGraphics.framework in Frameworks */,
				71330D8218D7D74000AAE6C3 /* UIKit.framework in Frameworks */,
				71BB093518E0D24200CBA7D8 /* Apphance-Pre-Production.framework in Frameworks */,
				71330D7E18D7D73F00AAE6C3 /* Foundation.framework in Frameworks */,
			);
			runOnlyForDeploymentPostprocessing = 0;
		};
		71330D9B18D7D74000AAE6C3 /* Frameworks */ = {
			isa = PBXFrameworksBuildPhase;
			buildActionMask = 2147483647;
			files = (
				71330DA018D7D74000AAE6C3 /* XCTest.framework in Frameworks */,
				71330DA218D7D74000AAE6C3 /* UIKit.framework in Frameworks */,
				71330DA118D7D74000AAE6C3 /* Foundation.framework in Frameworks */,
			);
			runOnlyForDeploymentPostprocessing = 0;
		};
/* End PBXFrameworksBuildPhase section */

/* Begin PBXGroup section */
		71330D7118D7D73F00AAE6C3 = {
			isa = PBXGroup;
			children = (
				71330D8318D7D74000AAE6C3 /* ProjectKaraoke */,
				71BB08FA18DD187A00CBA7D8 /* Modules */,
				71330DA518D7D74000AAE6C3 /* ProjectKaraokeTests */,
				71330D7C18D7D73F00AAE6C3 /* Frameworks */,
				71330D7B18D7D73F00AAE6C3 /* Products */,
				71330E4A18D7DB7100AAE6C3 /* TheAmazingAudioEngine.xcodeproj */,
			);
			sourceTree = "<group>";
		};
		71330D7B18D7D73F00AAE6C3 /* Products */ = {
			isa = PBXGroup;
			children = (
				71330D7A18D7D73F00AAE6C3 /* ProjectKaraoke.app */,
				71330D9E18D7D74000AAE6C3 /* ProjectKaraokeTests.xctest */,
			);
			name = Products;
			sourceTree = "<group>";
		};
		71330D7C18D7D73F00AAE6C3 /* Frameworks */ = {
			isa = PBXGroup;
			children = (
				71BB093F18E0D28A00CBA7D8 /* AssetsLibrary.framework */,
				71BB093D18E0D28200CBA7D8 /* Security.framework */,
				71BB093B18E0D27B00CBA7D8 /* SystemConfiguration.framework */,
				71BB093918E0D27200CBA7D8 /* CoreLocation.framework */,
				71BB093718E0D26800CBA7D8 /* QuartzCore.framework */,
				71BB093418E0D24200CBA7D8 /* Apphance-Pre-Production.framework */,
				71330E5518D7DBB500AAE6C3 /* Accelerate.framework */,
				71330E5318D7DBAC00AAE6C3 /* AudioToolbox.framework */,
				71330D7D18D7D73F00AAE6C3 /* Foundation.framework */,
				71330D7F18D7D74000AAE6C3 /* CoreGraphics.framework */,
				71330D8118D7D74000AAE6C3 /* UIKit.framework */,
				71330D9F18D7D74000AAE6C3 /* XCTest.framework */,
			);
			name = Frameworks;
			sourceTree = "<group>";
		};
		71330D8318D7D74000AAE6C3 /* ProjectKaraoke */ = {
			isa = PBXGroup;
			children = (
				71BB093318E0D16D00CBA7D8 /* Configuration */,
				71330D8C18D7D74000AAE6C3 /* AppDelegate.h */,
				71330D8D18D7D74000AAE6C3 /* AppDelegate.m */,
				71330D9518D7D74000AAE6C3 /* ViewController.h */,
				71330D9618D7D74000AAE6C3 /* ViewController.m */,
				71330D9818D7D74000AAE6C3 /* Images.xcassets */,
				71BB091818DD1A2C00CBA7D8 /* Storyboard */,
				71330D8418D7D74000AAE6C3 /* Supporting Files */,
				71BB091E18DD2EA600CBA7D8 /* Resources */,
			);
			path = ProjectKaraoke;
			sourceTree = "<group>";
		};
		71330D8418D7D74000AAE6C3 /* Supporting Files */ = {
			isa = PBXGroup;
			children = (
				71330D8518D7D74000AAE6C3 /* ProjectKaraoke-Info.plist */,
				71330D8618D7D74000AAE6C3 /* InfoPlist.strings */,
				71330D8918D7D74000AAE6C3 /* main.m */,
				71330D8B18D7D74000AAE6C3 /* ProjectKaraoke-Prefix.pch */,
			);
			name = "Supporting Files";
			sourceTree = "<group>";
		};
		71330DA518D7D74000AAE6C3 /* ProjectKaraokeTests */ = {
			isa = PBXGroup;
			children = (
				71330DAB18D7D74000AAE6C3 /* ProjectKaraokeTests.m */,
				71330DA618D7D74000AAE6C3 /* Supporting Files */,
			);
			path = ProjectKaraokeTests;
			sourceTree = "<group>";
		};
		71330DA618D7D74000AAE6C3 /* Supporting Files */ = {
			isa = PBXGroup;
			children = (
				71330DA718D7D74000AAE6C3 /* ProjectKaraokeTests-Info.plist */,
				71330DA818D7D74000AAE6C3 /* InfoPlist.strings */,
			);
			name = "Supporting Files";
			sourceTree = "<group>";
		};
		71330E4B18D7DB7100AAE6C3 /* Products */ = {
			isa = PBXGroup;
			children = (
				71330E4F18D7DB7100AAE6C3 /* libTheAmazingAudioEngine.a */,
			);
			name = Products;
			sourceTree = "<group>";
		};
		71BB08FA18DD187A00CBA7D8 /* Modules */ = {
			isa = PBXGroup;
			children = (
				71BB08FB18DD187A00CBA7D8 /* AEExpanderFilter.h */,
				71BB08FC18DD187A00CBA7D8 /* AEExpanderFilter.m */,
				71BB08FD18DD187A00CBA7D8 /* AELimiter.h */,
				71BB08FE18DD187A00CBA7D8 /* AELimiter.m */,
				71BB08FF18DD187A00CBA7D8 /* AELimiterFilter.h */,
				71BB090018DD187A00CBA7D8 /* AELimiterFilter.m */,
				71BB090118DD187A00CBA7D8 /* AEMixerBuffer.h */,
				71BB090218DD187A00CBA7D8 /* AEMixerBuffer.m */,
				71BB090318DD187A00CBA7D8 /* AEPlaythroughChannel.h */,
				71BB090418DD187A00CBA7D8 /* AEPlaythroughChannel.m */,
				71BB090518DD187A00CBA7D8 /* AERecorder.h */,
				71BB090618DD187A00CBA7D8 /* AERecorder.m */,
				71BB090718DD187A00CBA7D8 /* TPCircularBuffer */,
			);
			name = Modules;
			path = Library/TheAmazingAudioEngine/Modules;
			sourceTree = "<group>";
		};
		71BB090718DD187A00CBA7D8 /* TPCircularBuffer */ = {
			isa = PBXGroup;
			children = (
				71BB090818DD187B00CBA7D8 /* README.markdown */,
				71BB090918DD187B00CBA7D8 /* TPCircularBuffer+AudioBufferList.c */,
				71BB090A18DD187B00CBA7D8 /* TPCircularBuffer+AudioBufferList.h */,
				71BB090B18DD187B00CBA7D8 /* TPCircularBuffer.c */,
				71BB090C18DD187B00CBA7D8 /* TPCircularBuffer.h */,
			);
			path = TPCircularBuffer;
			sourceTree = "<group>";
		};
		71BB091818DD1A2C00CBA7D8 /* Storyboard */ = {
			isa = PBXGroup;
			children = (
				71330D8F18D7D74000AAE6C3 /* Main_iPhone.storyboard */,
				71330D9218D7D74000AAE6C3 /* Main_iPad.storyboard */,
			);
			name = Storyboard;
			sourceTree = "<group>";
		};
		71BB091E18DD2EA600CBA7D8 /* Resources */ = {
			isa = PBXGroup;
			children = (
				71BB091F18DD2EA600CBA7D8 /* Audio */,
				71BB092218DD306E00CBA7D8 /* Image */,
			);
			path = Resources;
			sourceTree = "<group>";
		};
		71BB091F18DD2EA600CBA7D8 /* Audio */ = {
			isa = PBXGroup;
			children = (
				71BB092018DD2EA600CBA7D8 /* test.wav */,
			);
			path = Audio;
			sourceTree = "<group>";
		};
		71BB092218DD306E00CBA7D8 /* Image */ = {
			isa = PBXGroup;
			children = (
				71BB092718DD35B400CBA7D8 /* pause_icon.png */,
				71BB092818DD35B400CBA7D8 /* pause_icon@2x.png */,
				71BB092318DD306E00CBA7D8 /* play_icon.png */,
				71BB092418DD306E00CBA7D8 /* play_icon@2x.png */,
				71BB092918DD35B400CBA7D8 /* stop_icon.png */,
				71BB092A18DD35B400CBA7D8 /* stop_icon@2x.png */,
			);
			path = Image;
			sourceTree = "<group>";
		};
		71BB093318E0D16D00CBA7D8 /* Configuration */ = {
			isa = PBXGroup;
			children = (
				71BB093218E0D09200CBA7D8 /* SharedConstants.h */,
			);
			name = Configuration;
			sourceTree = "<group>";
		};
/* End PBXGroup section */

/* Begin PBXNativeTarget section */
		71330D7918D7D73F00AAE6C3 /* ProjectKaraoke */ = {
			isa = PBXNativeTarget;
			buildConfigurationList = 71330DAF18D7D74000AAE6C3 /* Build configuration list for PBXNativeTarget "ProjectKaraoke" */;
			buildPhases = (
				71330D7618D7D73F00AAE6C3 /* Sources */,
				71330D7718D7D73F00AAE6C3 /* Frameworks */,
				71330D7818D7D73F00AAE6C3 /* Resources */,
			);
			buildRules = (
			);
			dependencies = (
				71330E5118D7DB9300AAE6C3 /* PBXTargetDependency */,
			);
			name = ProjectKaraoke;
			productName = ProjectKaraoke;
			productReference = 71330D7A18D7D73F00AAE6C3 /* ProjectKaraoke.app */;
			productType = "com.apple.product-type.application";
		};
		71330D9D18D7D74000AAE6C3 /* ProjectKaraokeTests */ = {
			isa = PBXNativeTarget;
			buildConfigurationList = 71330DB218D7D74000AAE6C3 /* Build configuration list for PBXNativeTarget "ProjectKaraokeTests" */;
			buildPhases = (
				71330D9A18D7D74000AAE6C3 /* Sources */,
				71330D9B18D7D74000AAE6C3 /* Frameworks */,
				71330D9C18D7D74000AAE6C3 /* Resources */,
			);
			buildRules = (
			);
			dependencies = (
				71330DA418D7D74000AAE6C3 /* PBXTargetDependency */,
			);
			name = ProjectKaraokeTests;
			productName = ProjectKaraokeTests;
			productReference = 71330D9E18D7D74000AAE6C3 /* ProjectKaraokeTests.xctest */;
			productType = "com.apple.product-type.bundle.unit-test";
		};
/* End PBXNativeTarget section */

/* Begin PBXProject section */
		71330D7218D7D73F00AAE6C3 /* Project object */ = {
			isa = PBXProject;
			attributes = {
				LastUpgradeCheck = 0510;
				ORGANIZATIONNAME = LanceFu;
				TargetAttributes = {
					71330D7918D7D73F00AAE6C3 = {
						DevelopmentTeam = UXPMXY456K;
					};
					71330D9D18D7D74000AAE6C3 = {
						TestTargetID = 71330D7918D7D73F00AAE6C3;
					};
				};
			};
			buildConfigurationList = 71330D7518D7D73F00AAE6C3 /* Build configuration list for PBXProject "ProjectKaraoke" */;
			compatibilityVersion = "Xcode 3.2";
			developmentRegion = English;
			hasScannedForEncodings = 0;
			knownRegions = (
				en,
				Base,
			);
			mainGroup = 71330D7118D7D73F00AAE6C3;
			productRefGroup = 71330D7B18D7D73F00AAE6C3 /* Products */;
			projectDirPath = "";
			projectReferences = (
				{
					ProductGroup = 71330E4B18D7DB7100AAE6C3 /* Products */;
					ProjectRef = 71330E4A18D7DB7100AAE6C3 /* TheAmazingAudioEngine.xcodeproj */;
				},
			);
			projectRoot = "";
			targets = (
				71330D7918D7D73F00AAE6C3 /* ProjectKaraoke */,
				71330D9D18D7D74000AAE6C3 /* ProjectKaraokeTests */,
			);
		};
/* End PBXProject section */

/* Begin PBXReferenceProxy section */
		71330E4F18D7DB7100AAE6C3 /* libTheAmazingAudioEngine.a */ = {
			isa = PBXReferenceProxy;
			fileType = archive.ar;
			path = libTheAmazingAudioEngine.a;
			remoteRef = 71330E4E18D7DB7100AAE6C3 /* PBXContainerItemProxy */;
			sourceTree = BUILT_PRODUCTS_DIR;
		};
/* End PBXReferenceProxy section */

/* Begin PBXResourcesBuildPhase section */
		71330D7818D7D73F00AAE6C3 /* Resources */ = {
			isa = PBXResourcesBuildPhase;
			buildActionMask = 2147483647;
			files = (
				71BB092118DD2EA600CBA7D8 /* test.wav in Resources */,
				71BB092518DD306E00CBA7D8 /* play_icon.png in Resources */,
				71330D9418D7D74000AAE6C3 /* Main_iPad.storyboard in Resources */,
				71BB092B18DD35B400CBA7D8 /* pause_icon.png in Resources */,
				71BB092C18DD35B400CBA7D8 /* pause_icon@2x.png in Resources */,
				71BB092618DD306E00CBA7D8 /* play_icon@2x.png in Resources */,
				71BB091318DD187B00CBA7D8 /* README.markdown in Resources */,
				71BB092D18DD35B400CBA7D8 /* stop_icon.png in Resources */,
				71330D9918D7D74000AAE6C3 /* Images.xcassets in Resources */,
				71330D9118D7D74000AAE6C3 /* Main_iPhone.storyboard in Resources */,
				71330D8818D7D74000AAE6C3 /* InfoPlist.strings in Resources */,
				71BB092E18DD35B400CBA7D8 /* stop_icon@2x.png in Resources */,
			);
			runOnlyForDeploymentPostprocessing = 0;
		};
		71330D9C18D7D74000AAE6C3 /* Resources */ = {
			isa = PBXResourcesBuildPhase;
			buildActionMask = 2147483647;
			files = (
				71330DAA18D7D74000AAE6C3 /* InfoPlist.strings in Resources */,
			);
			runOnlyForDeploymentPostprocessing = 0;
		};
/* End PBXResourcesBuildPhase section */

/* Begin PBXSourcesBuildPhase section */
		71330D7618D7D73F00AAE6C3 /* Sources */ = {
			isa = PBXSourcesBuildPhase;
			buildActionMask = 2147483647;
			files = (
				71BB091618DD19FD00CBA7D8 /* TPCircularBuffer+AudioBufferList.c in Sources */,
				71BB091718DD19FD00CBA7D8 /* TPCircularBuffer.c in Sources */,
				71BB090F18DD187B00CBA7D8 /* AELimiterFilter.m in Sources */,
				71BB090D18DD187B00CBA7D8 /* AEExpanderFilter.m in Sources */,
				71330D9718D7D74000AAE6C3 /* ViewController.m in Sources */,
				71BB091018DD187B00CBA7D8 /* AEMixerBuffer.m in Sources */,
				71BB091218DD187B00CBA7D8 /* AERecorder.m in Sources */,
				71330D8E18D7D74000AAE6C3 /* AppDelegate.m in Sources */,
				71330D8A18D7D74000AAE6C3 /* main.m in Sources */,
				71BB090E18DD187B00CBA7D8 /* AELimiter.m in Sources */,
				71BB091118DD187B00CBA7D8 /* AEPlaythroughChannel.m in Sources */,
			);
			runOnlyForDeploymentPostprocessing = 0;
		};
		71330D9A18D7D74000AAE6C3 /* Sources */ = {
			isa = PBXSourcesBuildPhase;
			buildActionMask = 2147483647;
			files = (
				71330DAC18D7D74000AAE6C3 /* ProjectKaraokeTests.m in Sources */,
			);
			runOnlyForDeploymentPostprocessing = 0;
		};
/* End PBXSourcesBuildPhase section */

/* Begin PBXTargetDependency section */
		71330DA418D7D74000AAE6C3 /* PBXTargetDependency */ = {
			isa = PBXTargetDependency;
			target = 71330D7918D7D73F00AAE6C3 /* ProjectKaraoke */;
			targetProxy = 71330DA318D7D74000AAE6C3 /* PBXContainerItemProxy */;
		};
		71330E5118D7DB9300AAE6C3 /* PBXTargetDependency */ = {
			isa = PBXTargetDependency;
			name = TheAmazingAudioEngine;
			targetProxy = 71330E5018D7DB9300AAE6C3 /* PBXContainerItemProxy */;
		};
/* End PBXTargetDependency section */

/* Begin PBXVariantGroup section */
		71330D8618D7D74000AAE6C3 /* InfoPlist.strings */ = {
			isa = PBXVariantGroup;
			children = (
				71330D8718D7D74000AAE6C3 /* en */,
			);
			name = InfoPlist.strings;
			sourceTree = "<group>";
		};
		71330D8F18D7D74000AAE6C3 /* Main_iPhone.storyboard */ = {
			isa = PBXVariantGroup;
			children = (
				71330D9018D7D74000AAE6C3 /* Base */,
			);
			name = Main_iPhone.storyboard;
			sourceTree = "<group>";
		};
		71330D9218D7D74000AAE6C3 /* Main_iPad.storyboard */ = {
			isa = PBXVariantGroup;
			children = (
				71330D9318D7D74000AAE6C3 /* Base */,
			);
			name = Main_iPad.storyboard;
			sourceTree = "<group>";
		};
		71330DA818D7D74000AAE6C3 /* InfoPlist.strings */ = {
			isa = PBXVariantGroup;
			children = (
				71330DA918D7D74000AAE6C3 /* en */,
			);
			name = InfoPlist.strings;
			sourceTree = "<group>";
		};
/* End PBXVariantGroup section */

/* Begin XCBuildConfiguration section */
		71330DAD18D7D74000AAE6C3 /* Debug */ = {
			isa = XCBuildConfiguration;
			buildSettings = {
				ALWAYS_SEARCH_USER_PATHS = NO;
				CLANG_CXX_LANGUAGE_STANDARD = "gnu++0x";
				CLANG_CXX_LIBRARY = "libc++";
				CLANG_ENABLE_MODULES = YES;
				CLANG_ENABLE_OBJC_ARC = YES;
				CLANG_WARN_BOOL_CONVERSION = YES;
				CLANG_WARN_CONSTANT_CONVERSION = YES;
				CLANG_WARN_DIRECT_OBJC_ISA_USAGE = YES_ERROR;
				CLANG_WARN_EMPTY_BODY = YES;
				CLANG_WARN_ENUM_CONVERSION = YES;
				CLANG_WARN_INT_CONVERSION = YES;
				CLANG_WARN_OBJC_ROOT_CLASS = YES_ERROR;
				CLANG_WARN__DUPLICATE_METHOD_MATCH = YES;
				"CODE_SIGN_IDENTITY[sdk=iphoneos*]" = "iPhone Developer";
				COPY_PHASE_STRIP = NO;
				GCC_C_LANGUAGE_STANDARD = gnu99;
				GCC_DYNAMIC_NO_PIC = NO;
				GCC_OPTIMIZATION_LEVEL = 0;
				GCC_PREPROCESSOR_DEFINITIONS = (
					"DEBUG=1",
					"$(inherited)",
				);
				GCC_SYMBOLS_PRIVATE_EXTERN = NO;
				GCC_WARN_64_TO_32_BIT_CONVERSION = YES;
				GCC_WARN_ABOUT_RETURN_TYPE = YES_ERROR;
				GCC_WARN_UNDECLARED_SELECTOR = YES;
				GCC_WARN_UNINITIALIZED_AUTOS = YES_AGGRESSIVE;
				GCC_WARN_UNUSED_FUNCTION = YES;
				GCC_WARN_UNUSED_VARIABLE = YES;
				IPHONEOS_DEPLOYMENT_TARGET = 7.1;
				ONLY_ACTIVE_ARCH = YES;
				SDKROOT = iphoneos;
				TARGETED_DEVICE_FAMILY = "1,2";
			};
			name = Debug;
		};
		71330DAE18D7D74000AAE6C3 /* Release */ = {
			isa = XCBuildConfiguration;
			buildSettings = {
				ALWAYS_SEARCH_USER_PATHS = NO;
				CLANG_CXX_LANGUAGE_STANDARD = "gnu++0x";
				CLANG_CXX_LIBRARY = "libc++";
				CLANG_ENABLE_MODULES = YES;
				CLANG_ENABLE_OBJC_ARC = YES;
				CLANG_WARN_BOOL_CONVERSION = YES;
				CLANG_WARN_CONSTANT_CONVERSION = YES;
				CLANG_WARN_DIRECT_OBJC_ISA_USAGE = YES_ERROR;
				CLANG_WARN_EMPTY_BODY = YES;
				CLANG_WARN_ENUM_CONVERSION = YES;
				CLANG_WARN_INT_CONVERSION = YES;
				CLANG_WARN_OBJC_ROOT_CLASS = YES_ERROR;
				CLANG_WARN__DUPLICATE_METHOD_MATCH = YES;
				"CODE_SIGN_IDENTITY[sdk=iphoneos*]" = "iPhone Developer";
				COPY_PHASE_STRIP = YES;
				ENABLE_NS_ASSERTIONS = NO;
				GCC_C_LANGUAGE_STANDARD = gnu99;
				GCC_WARN_64_TO_32_BIT_CONVERSION = YES;
				GCC_WARN_ABOUT_RETURN_TYPE = YES_ERROR;
				GCC_WARN_UNDECLARED_SELECTOR = YES;
				GCC_WARN_UNINITIALIZED_AUTOS = YES_AGGRESSIVE;
				GCC_WARN_UNUSED_FUNCTION = YES;
				GCC_WARN_UNUSED_VARIABLE = YES;
				IPHONEOS_DEPLOYMENT_TARGET = 7.1;
				SDKROOT = iphoneos;
				TARGETED_DEVICE_FAMILY = "1,2";
				VALIDATE_PRODUCT = YES;
			};
			name = Release;
		};
		71330DB018D7D74000AAE6C3 /* Debug */ = {
			isa = XCBuildConfiguration;
			buildSettings = {
				ASSETCATALOG_COMPILER_APPICON_NAME = AppIcon;
				ASSETCATALOG_COMPILER_LAUNCHIMAGE_NAME = LaunchImage;
				CODE_SIGN_IDENTITY = "";
				"CODE_SIGN_IDENTITY[sdk=iphoneos*]" = "iPhone Developer";
				FRAMEWORK_SEARCH_PATHS = (
					"$(inherited)",
					"$(PROJECT_DIR)$(LOCAL_LIBRARY_DIR)",
				);
				GCC_INPUT_FILETYPE = sourcecode.c.objc;
				GCC_PRECOMPILE_PREFIX_HEADER = YES;
				GCC_PREFIX_HEADER = "ProjectKaraoke/ProjectKaraoke-Prefix.pch";
				HEADER_SEARCH_PATHS = (
					"$(inherited)",
					Library/TheAmazingAudioEngine/TheAmazingAudioEngine,
					/Applications/Xcode.app/Contents/Developer/Toolchains/XcodeDefault.xctoolchain/usr/include,
				);
				INFOPLIST_FILE = "ProjectKaraoke/ProjectKaraoke-Info.plist";
				OTHER_LDFLAGS = (
					"-ObjC",
					"-all_load",
				);
				PRODUCT_NAME = "$(TARGET_NAME)";
				PROVISIONING_PROFILE = "06AF8FBF-57E1-4B76-A6E3-528E63813FFC";
				WRAPPER_EXTENSION = app;
			};
			name = Debug;
		};
		71330DB118D7D74000AAE6C3 /* Release */ = {
			isa = XCBuildConfiguration;
			buildSettings = {
				ASSETCATALOG_COMPILER_APPICON_NAME = AppIcon;
				ASSETCATALOG_COMPILER_LAUNCHIMAGE_NAME = LaunchImage;
				CODE_SIGN_IDENTITY = "";
				"CODE_SIGN_IDENTITY[sdk=iphoneos*]" = "iPhone Developer";
				FRAMEWORK_SEARCH_PATHS = (
					"$(inherited)",
					"$(PROJECT_DIR)$(LOCAL_LIBRARY_DIR)",
				);
				GCC_INPUT_FILETYPE = sourcecode.c.objc;
				GCC_PRECOMPILE_PREFIX_HEADER = YES;
				GCC_PREFIX_HEADER = "ProjectKaraoke/ProjectKaraoke-Prefix.pch";
				HEADER_SEARCH_PATHS = (
					"$(inherited)",
					Library/TheAmazingAudioEngine/TheAmazingAudioEngine,
					/Applications/Xcode.app/Contents/Developer/Toolchains/XcodeDefault.xctoolchain/usr/include,
				);
				INFOPLIST_FILE = "ProjectKaraoke/ProjectKaraoke-Info.plist";
				OTHER_LDFLAGS = (
					"-ObjC",
					"-all_load",
				);
				PRODUCT_NAME = "$(TARGET_NAME)";
				PROVISIONING_PROFILE = "81C1688C-E1FD-42CA-91F1-0A76BF0C427A";
				WRAPPER_EXTENSION = app;
			};
			name = Release;
		};
		71330DB318D7D74000AAE6C3 /* Debug */ = {
			isa = XCBuildConfiguration;
			buildSettings = {
				BUNDLE_LOADER = "$(BUILT_PRODUCTS_DIR)/ProjectKaraoke.app/ProjectKaraoke";
				FRAMEWORK_SEARCH_PATHS = (
					"$(SDKROOT)/Developer/Library/Frameworks",
					"$(inherited)",
					"$(DEVELOPER_FRAMEWORKS_DIR)",
				);
				GCC_PRECOMPILE_PREFIX_HEADER = YES;
				GCC_PREFIX_HEADER = "ProjectKaraoke/ProjectKaraoke-Prefix.pch";
				GCC_PREPROCESSOR_DEFINITIONS = (
					"DEBUG=1",
					"$(inherited)",
				);
				INFOPLIST_FILE = "ProjectKaraokeTests/ProjectKaraokeTests-Info.plist";
				PRODUCT_NAME = "$(TARGET_NAME)";
				TEST_HOST = "$(BUNDLE_LOADER)";
				WRAPPER_EXTENSION = xctest;
			};
			name = Debug;
		};
		71330DB418D7D74000AAE6C3 /* Release */ = {
			isa = XCBuildConfiguration;
			buildSettings = {
				BUNDLE_LOADER = "$(BUILT_PRODUCTS_DIR)/ProjectKaraoke.app/ProjectKaraoke";
				FRAMEWORK_SEARCH_PATHS = (
					"$(SDKROOT)/Developer/Library/Frameworks",
					"$(inherited)",
					"$(DEVELOPER_FRAMEWORKS_DIR)",
				);
				GCC_PRECOMPILE_PREFIX_HEADER = YES;
				GCC_PREFIX_HEADER = "ProjectKaraoke/ProjectKaraoke-Prefix.pch";
				INFOPLIST_FILE = "ProjectKaraokeTests/ProjectKaraokeTests-Info.plist";
				PRODUCT_NAME = "$(TARGET_NAME)";
				TEST_HOST = "$(BUNDLE_LOADER)";
				WRAPPER_EXTENSION = xctest;
			};
			name = Release;
		};
/* End XCBuildConfiguration section */

/* Begin XCConfigurationList section */
		71330D7518D7D73F00AAE6C3 /* Build configuration list for PBXProject "ProjectKaraoke" */ = {
			isa = XCConfigurationList;
			buildConfigurations = (
				71330DAD18D7D74000AAE6C3 /* Debug */,
				71330DAE18D7D74000AAE6C3 /* Release */,
			);
			defaultConfigurationIsVisible = 0;
			defaultConfigurationName = Release;
		};
		71330DAF18D7D74000AAE6C3 /* Build configuration list for PBXNativeTarget "ProjectKaraoke" */ = {
			isa = XCConfigurationList;
			buildConfigurations = (
				71330DB018D7D74000AAE6C3 /* Debug */,
				71330DB118D7D74000AAE6C3 /* Release */,
			);
			defaultConfigurationIsVisible = 0;
			defaultConfigurationName = Release;
		};
		71330DB218D7D74000AAE6C3 /* Build configuration list for PBXNativeTarget "ProjectKaraokeTests" */ = {
			isa = XCConfigurationList;
			buildConfigurations = (
				71330DB318D7D74000AAE6C3 /* Debug */,
				71330DB418D7D74000AAE6C3 /* Release */,
			);
			defaultConfigurationIsVisible = 0;
			defaultConfigurationName = Release;
		};
/* End XCConfigurationList section */
	};
	rootObject = 71330D7218D7D73F00AAE6C3 /* Project object */;
}
